
Microsoft Visual Studio Solution File, Format Version 11.00
# Visual Studio 2010
Project("{FAE04EC0-301F-11D3-BF4B-00C04F79EFBC}") = "WiiYourselfUnity", "WiiYourselfUnity\WiiYourselfUnity.csproj", "{BBFCE884-2BEB-4026-8F84-7714D71DFFD3}"
EndProject
Project("{8BC9CEB8-8B4A-11D0-8D11-00A0C91BC942}") = "WiiYourself_1.15", "WiiYourselfWrapper_1.15\WiiYourself!_1.15\Demo\VC2008\Demo.vcxproj", "{CFCCDAEA-44EA-4B2B-A410-B596570AC2C5}"
EndProject
Project("{8BC9CEB8-8B4A-11D0-8D11-00A0C91BC942}") = "WiiYourselfWrapper", "WiiYourselfWrapper_1.15\WiiYourselfWrapper\WiiYourselfWrapper.vcxproj", "{E3D6D29A-3589-41EB-891F-666E2C76F7C2}"
EndProject
Global
	GlobalSection(SolutionConfigurationPlatforms) = preSolution
		Debug|Mixed Platforms = Debug|Mixed Platforms
		Debug|Win32 = Debug|Win32
		Debug|x86 = Debug|x86
		DebugU|Mixed Platforms = DebugU|Mixed Platforms
		DebugU|Win32 = DebugU|Win32
		DebugU|x86 = DebugU|x86
		Release|Mixed Platforms = Release|Mixed Platforms
		Release|Win32 = Release|Win32
		Release|x86 = Release|x86
		ReleaseU|Mixed Platforms = ReleaseU|Mixed Platforms
		ReleaseU|Win32 = ReleaseU|Win32
		ReleaseU|x86 = ReleaseU|x86
	EndGlobalSection
	GlobalSection(ProjectConfigurationPlatforms) = postSolution
		{BBFCE884-2BEB-4026-8F84-7714D71DFFD3}.Debug|Mixed Platforms.ActiveCfg = Debug|x86
		{BBFCE884-2BEB-4026-8F84-7714D71DFFD3}.Debug|Mixed Platforms.Build.0 = Debug|x86
		{BBFCE884-2BEB-4026-8F84-7714D71DFFD3}.Debug|Win32.ActiveCfg = Debug|x86
		{BBFCE884-2BEB-4026-8F84-7714D71DFFD3}.Debug|x86.ActiveCfg = Debug|x86
		{BBFCE884-2BEB-4026-8F84-7714D71DFFD3}.Debug|x86.Build.0 = Debug|x86
		{BBFCE884-2BEB-4026-8F84-7714D71DFFD3}.DebugU|Mixed Platforms.ActiveCfg = Debug|x86
		{BBFCE884-2BEB-4026-8F84-7714D71DFFD3}.DebugU|Mixed Platforms.Build.0 = Debug|x86
		{BBFCE884-2BEB-4026-8F84-7714D71DFFD3}.DebugU|Win32.ActiveCfg = Debug|x86
		{BBFCE884-2BEB-4026-8F84-7714D71DFFD3}.DebugU|x86.ActiveCfg = Debug|x86
		{BBFCE884-2BEB-4026-8F84-7714D71DFFD3}.DebugU|x86.Build.0 = Debug|x86
		{BBFCE884-2BEB-4026-8F84-7714D71DFFD3}.Release|Mixed Platforms.ActiveCfg = Release|x86
		{BBFCE884-2BEB-4026-8F84-7714D71DFFD3}.Release|Mixed Platforms.Build.0 = Release|x86
		{BBFCE884-2BEB-4026-8F84-7714D71DFFD3}.Release|Win32.ActiveCfg = Release|x86
		{BBFCE884-2BEB-4026-8F84-7714D71DFFD3}.Release|x86.ActiveCfg = Release|x86
		{BBFCE884-2BEB-4026-8F84-7714D71DFFD3}.Release|x86.Build.0 = Release|x86
		{BBFCE884-2BEB-4026-8F84-7714D71DFFD3}.ReleaseU|Mixed Platforms.ActiveCfg = Release|x86
		{BBFCE884-2BEB-4026-8F84-7714D71DFFD3}.ReleaseU|Mixed Platforms.Build.0 = Release|x86
		{BBFCE884-2BEB-4026-8F84-7714D71DFFD3}.ReleaseU|Win32.ActiveCfg = Release|x86
		{BBFCE884-2BEB-4026-8F84-7714D71DFFD3}.ReleaseU|x86.ActiveCfg = Release|x86
		{BBFCE884-2BEB-4026-8F84-7714D71DFFD3}.ReleaseU|x86.Build.0 = Release|x86
		{CFCCDAEA-44EA-4B2B-A410-B596570AC2C5}.Debug|Mixed Platforms.ActiveCfg = Debug|Win32
		{CFCCDAEA-44EA-4B2B-A410-B596570AC2C5}.Debug|Mixed Platforms.Build.0 = Debug|Win32
		{CFCCDAEA-44EA-4B2B-A410-B596570AC2C5}.Debug|Win32.ActiveCfg = Debug|Win32
		{CFCCDAEA-44EA-4B2B-A410-B596570AC2C5}.Debug|Win32.Build.0 = Debug|Win32
		{CFCCDAEA-44EA-4B2B-A410-B596570AC2C5}.Debug|x86.ActiveCfg = Debug|Win32
		{CFCCDAEA-44EA-4B2B-A410-B596570AC2C5}.DebugU|Mixed Platforms.ActiveCfg = DebugU|Win32
		{CFCCDAEA-44EA-4B2B-A410-B596570AC2C5}.DebugU|Mixed Platforms.Build.0 = DebugU|Win32
		{CFCCDAEA-44EA-4B2B-A410-B596570AC2C5}.DebugU|Win32.ActiveCfg = DebugU|Win32
		{CFCCDAEA-44EA-4B2B-A410-B596570AC2C5}.DebugU|Win32.Build.0 = DebugU|Win32
		{CFCCDAEA-44EA-4B2B-A410-B596570AC2C5}.DebugU|x86.ActiveCfg = DebugU|Win32
		{CFCCDAEA-44EA-4B2B-A410-B596570AC2C5}.Release|Mixed Platforms.ActiveCfg = Release|Win32
		{CFCCDAEA-44EA-4B2B-A410-B596570AC2C5}.Release|Mixed Platforms.Build.0 = Release|Win32
		{CFCCDAEA-44EA-4B2B-A410-B596570AC2C5}.Release|Win32.ActiveCfg = Release|Win32
		{CFCCDAEA-44EA-4B2B-A410-B596570AC2C5}.Release|Win32.Build.0 = Release|Win32
		{CFCCDAEA-44EA-4B2B-A410-B596570AC2C5}.Release|x86.ActiveCfg = Release|Win32
		{CFCCDAEA-44EA-4B2B-A410-B596570AC2C5}.ReleaseU|Mixed Platforms.ActiveCfg = ReleaseU|Win32
		{CFCCDAEA-44EA-4B2B-A410-B596570AC2C5}.ReleaseU|Mixed Platforms.Build.0 = ReleaseU|Win32
		{CFCCDAEA-44EA-4B2B-A410-B596570AC2C5}.ReleaseU|Win32.ActiveCfg = ReleaseU|Win32
		{CFCCDAEA-44EA-4B2B-A410-B596570AC2C5}.ReleaseU|Win32.Build.0 = ReleaseU|Win32
		{CFCCDAEA-44EA-4B2B-A410-B596570AC2C5}.ReleaseU|x86.ActiveCfg = ReleaseU|Win32
		{E3D6D29A-3589-41EB-891F-666E2C76F7C2}.Debug|Mixed Platforms.ActiveCfg = Debug|Win32
		{E3D6D29A-3589-41EB-891F-666E2C76F7C2}.Debug|Mixed Platforms.Build.0 = Debug|Win32
		{E3D6D29A-3589-41EB-891F-666E2C76F7C2}.Debug|Win32.ActiveCfg = Debug|Win32
		{E3D6D29A-3589-41EB-891F-666E2C76F7C2}.Debug|Win32.Build.0 = Debug|Win32
		{E3D6D29A-3589-41EB-891F-666E2C76F7C2}.Debug|x86.ActiveCfg = Debug|Win32
		{E3D6D29A-3589-41EB-891F-666E2C76F7C2}.DebugU|Mixed Platforms.ActiveCfg = Debug|Win32
		{E3D6D29A-3589-41EB-891F-666E2C76F7C2}.DebugU|Mixed Platforms.Build.0 = Debug|Win32
		{E3D6D29A-3589-41EB-891F-666E2C76F7C2}.DebugU|Win32.ActiveCfg = Debug|Win32
		{E3D6D29A-3589-41EB-891F-666E2C76F7C2}.DebugU|Win32.Build.0 = Debug|Win32
		{E3D6D29A-3589-41EB-891F-666E2C76F7C2}.DebugU|x86.ActiveCfg = Debug|Win32
		{E3D6D29A-3589-41EB-891F-666E2C76F7C2}.Release|Mixed Platforms.ActiveCfg = Release|Win32
		{E3D6D29A-3589-41EB-891F-666E2C76F7C2}.Release|Mixed Platforms.Build.0 = Release|Win32
		{E3D6D29A-3589-41EB-891F-666E2C76F7C2}.Release|Win32.ActiveCfg = Release|Win32
		{E3D6D29A-3589-41EB-891F-666E2C76F7C2}.Release|Win32.Build.0 = Release|Win32
		{E3D6D29A-3589-41EB-891F-666E2C76F7C2}.Release|x86.ActiveCfg = Release|Win32
		{E3D6D29A-3589-41EB-891F-666E2C76F7C2}.ReleaseU|Mixed Platforms.ActiveCfg = Release|Win32
		{E3D6D29A-3589-41EB-891F-666E2C76F7C2}.ReleaseU|Mixed Platforms.Build.0 = Release|Win32
		{E3D6D29A-3589-41EB-891F-666E2C76F7C2}.ReleaseU|Win32.ActiveCfg = Release|Win32
		{E3D6D29A-3589-41EB-891F-666E2C76F7C2}.ReleaseU|Win32.Build.0 = Release|Win32
		{E3D6D29A-3589-41EB-891F-666E2C76F7C2}.ReleaseU|x86.ActiveCfg = Release|Win32
	EndGlobalSection
	GlobalSection(SolutionProperties) = preSolution
		HideSolutionNode = FALSE
	EndGlobalSection
EndGlobal
